
Microsoft Visual Studio Solution File, Format Version 12.00
# Visual Studio Version 17
VisualStudioVersion = 17.10.35122.118
MinimumVisualStudioVersion = 10.0.40219.1
Project("{9A19103F-16F7-4668-BE54-9A1E7A4F7556}") = "Exceptions exercise", "Exections exercise\Exceptions exercise.csproj", "{73E29D54-F701-4ABD-97A7-E29DC0737421}"
EndProject
Global
	GlobalSection(SolutionConfigurationPlatforms) = preSolution
		Debug|Any CPU = Debug|Any CPU
		Release|Any CPU = Release|Any CPU
	EndGlobalSection
	GlobalSection(ProjectConfigurationPlatforms) = postSolution
		{73E29D54-F701-4ABD-97A7-E29DC0737421}.Debug|Any CPU.ActiveCfg = Debug|Any CPU
		{73E29D54-F701-4ABD-97A7-E29DC0737421}.Debug|Any CPU.Build.0 = Debug|Any CPU
		{73E29D54-F701-4ABD-97A7-E29DC0737421}.Release|Any CPU.ActiveCfg = Release|Any CPU
		{73E29D54-F701-4ABD-97A7-E29DC0737421}.Release|Any CPU.Build.0 = Release|Any CPU
	EndGlobalSection
	GlobalSection(SolutionProperties) = preSolution
		HideSolutionNode = FALSE
	EndGlobalSection
	GlobalSection(ExtensibilityGlobals) = postSolution
		SolutionGuid = {08468596-29CD-4A12-855F-31E88B2938A2}
	EndGlobalSection
EndGlobal
